
Microsoft Visual Studio Solution File, Format Version 12.00
# Visual Studio Version 16
VisualStudioVersion = 16.0.32630.194
MinimumVisualStudioVersion = 10.0.40219.1
Project("{FAE04EC0-301F-11D3-BF4B-00C04F79EFBC}") = "megalodon_web", "megalodon_web.csproj", "{4355161A-0704-4C78-B08F-D32EB85CDA3F}"
EndProject
Global
	GlobalSection(SolutionConfigurationPlatforms) = preSolution
		Debug|Any CPU = Debug|Any CPU
		Release|Any CPU = Release|Any CPU
	EndGlobalSection
	GlobalSection(ProjectConfigurationPlatforms) = postSolution
		{4355161A-0704-4C78-B08F-D32EB85CDA3F}.Debug|Any CPU.ActiveCfg = Debug|Any CPU
		{4355161A-0704-4C78-B08F-D32EB85CDA3F}.Debug|Any CPU.Build.0 = Debug|Any CPU
		{4355161A-0704-4C78-B08F-D32EB85CDA3F}.Release|Any CPU.ActiveCfg = Release|Any CPU
		{4355161A-0704-4C78-B08F-D32EB85CDA3F}.Release|Any CPU.Build.0 = Release|Any CPU
	EndGlobalSection
	GlobalSection(SolutionProperties) = preSolution
		HideSolutionNode = FALSE
	EndGlobalSection
	GlobalSection(ExtensibilityGlobals) = postSolution
		SolutionGuid = {5CB6BF06-A24D-4A6C-8376-843166EC057D}
	EndGlobalSection
EndGlobal
